
Microsoft Visual Studio Solution File, Format Version 12.00
# Visual Studio Version 16
VisualStudioVersion = 16.0.32106.194
MinimumVisualStudioVersion = 10.0.40219.1
Project("{FAE04EC0-301F-11D3-BF4B-00C04F79EFBC}") = "ComputerShutDown", "ComputerShutDown\ComputerShutDown.csproj", "{5F649157-B669-44C7-9B50-8082D1796898}"
EndProject
Global
	GlobalSection(SolutionConfigurationPlatforms) = preSolution
		Debug|Any CPU = Debug|Any CPU
		Release|Any CPU = Release|Any CPU
	EndGlobalSection
	GlobalSection(ProjectConfigurationPlatforms) = postSolution
		{5F649157-B669-44C7-9B50-8082D1796898}.Debug|Any CPU.ActiveCfg = Debug|Any CPU
		{5F649157-B669-44C7-9B50-8082D1796898}.Debug|Any CPU.Build.0 = Debug|Any CPU
		{5F649157-B669-44C7-9B50-8082D1796898}.Release|Any CPU.ActiveCfg = Release|Any CPU
		{5F649157-B669-44C7-9B50-8082D1796898}.Release|Any CPU.Build.0 = Release|Any CPU
	EndGlobalSection
	GlobalSection(SolutionProperties) = preSolution
		HideSolutionNode = FALSE
	EndGlobalSection
	GlobalSection(ExtensibilityGlobals) = postSolution
		SolutionGuid = {EA0E12C2-5D65-437D-908B-C93BDA0235F7}
	EndGlobalSection
EndGlobal
